
Microsoft Visual Studio Solution File, Format Version 12.00
# Visual Studio 2012
Project("{FAE04EC0-301F-11D3-BF4B-00C04F79EFBC}") = "azure_status_page", "azure_status_page\azure_status_page.csproj", "{25464043-8444-49E0-8EDE-566B1409D7DF}"
EndProject
Project("{FAE04EC0-301F-11D3-BF4B-00C04F79EFBC}") = "azure_status_page.core", "azure_status_page.core\azure_status_page.core.csproj", "{31878B8D-7325-47B0-BF2B-1809B72E63EC}"
EndProject
Project("{FAE04EC0-301F-11D3-BF4B-00C04F79EFBC}") = "azure_status_page.jobs", "azure_status_page.jobs\azure_status_page.jobs.csproj", "{FF395F21-BE10-4C4F-A27C-238AD6697C5E}"
EndProject
Project("{FAE04EC0-301F-11D3-BF4B-00C04F79EFBC}") = "azure_status_page.client", "azure_status_page.client\azure_status_page.client.csproj", "{EBD3A11E-FD34-4BF9-8768-BE5A613F7AE7}"
EndProject
Project("{FAE04EC0-301F-11D3-BF4B-00C04F79EFBC}") = "azure_status_page.client.demo", "azure_status_page.client.demo\azure_status_page.client.demo.csproj", "{B35B4ED1-AD7C-4E44-956C-6E508E68711E}"
EndProject
Global
	GlobalSection(SolutionConfigurationPlatforms) = preSolution
		Debug|Any CPU = Debug|Any CPU
		Release|Any CPU = Release|Any CPU
	EndGlobalSection
	GlobalSection(ProjectConfigurationPlatforms) = postSolution
		{25464043-8444-49E0-8EDE-566B1409D7DF}.Debug|Any CPU.ActiveCfg = Debug|Any CPU
		{25464043-8444-49E0-8EDE-566B1409D7DF}.Debug|Any CPU.Build.0 = Debug|Any CPU
		{25464043-8444-49E0-8EDE-566B1409D7DF}.Release|Any CPU.ActiveCfg = Release|Any CPU
		{25464043-8444-49E0-8EDE-566B1409D7DF}.Release|Any CPU.Build.0 = Release|Any CPU
		{31878B8D-7325-47B0-BF2B-1809B72E63EC}.Debug|Any CPU.ActiveCfg = Debug|Any CPU
		{31878B8D-7325-47B0-BF2B-1809B72E63EC}.Debug|Any CPU.Build.0 = Debug|Any CPU
		{31878B8D-7325-47B0-BF2B-1809B72E63EC}.Release|Any CPU.ActiveCfg = Release|Any CPU
		{31878B8D-7325-47B0-BF2B-1809B72E63EC}.Release|Any CPU.Build.0 = Release|Any CPU
		{FF395F21-BE10-4C4F-A27C-238AD6697C5E}.Debug|Any CPU.ActiveCfg = Debug|Any CPU
		{FF395F21-BE10-4C4F-A27C-238AD6697C5E}.Debug|Any CPU.Build.0 = Debug|Any CPU
		{FF395F21-BE10-4C4F-A27C-238AD6697C5E}.Release|Any CPU.ActiveCfg = Release|Any CPU
		{FF395F21-BE10-4C4F-A27C-238AD6697C5E}.Release|Any CPU.Build.0 = Release|Any CPU
		{EBD3A11E-FD34-4BF9-8768-BE5A613F7AE7}.Debug|Any CPU.ActiveCfg = Debug|Any CPU
		{EBD3A11E-FD34-4BF9-8768-BE5A613F7AE7}.Debug|Any CPU.Build.0 = Debug|Any CPU
		{EBD3A11E-FD34-4BF9-8768-BE5A613F7AE7}.Release|Any CPU.ActiveCfg = Release|Any CPU
		{EBD3A11E-FD34-4BF9-8768-BE5A613F7AE7}.Release|Any CPU.Build.0 = Release|Any CPU
		{B35B4ED1-AD7C-4E44-956C-6E508E68711E}.Debug|Any CPU.ActiveCfg = Debug|Any CPU
		{B35B4ED1-AD7C-4E44-956C-6E508E68711E}.Debug|Any CPU.Build.0 = Debug|Any CPU
		{B35B4ED1-AD7C-4E44-956C-6E508E68711E}.Release|Any CPU.ActiveCfg = Release|Any CPU
		{B35B4ED1-AD7C-4E44-956C-6E508E68711E}.Release|Any CPU.Build.0 = Release|Any CPU
	EndGlobalSection
	GlobalSection(MonoDevelopProperties) = preSolution
		version = 0.0.2
	EndGlobalSection
EndGlobal
